
Microsoft Visual Studio Solution File, Format Version 12.00
# Visual Studio 15
VisualStudioVersion = 15.0.28307.168
MinimumVisualStudioVersion = 10.0.40219.1
Project("{FAE04EC0-301F-11D3-BF4B-00C04F79EFBC}") = "my_agenda", "my_agenda\my_agenda.csproj", "{0FCFDDD2-914B-49BC-BA6B-83CE0C2319FF}"
EndProject
Project("{FAE04EC0-301F-11D3-BF4B-00C04F79EFBC}") = "ComponentesVisuales", "ComponentesVisuales\ComponentesVisuales.csproj", "{33D15913-D25E-46F5-A1FF-9FF90C2D5333}"
EndProject
Global
	GlobalSection(SolutionConfigurationPlatforms) = preSolution
		Debug|Any CPU = Debug|Any CPU
		Release|Any CPU = Release|Any CPU
	EndGlobalSection
	GlobalSection(ProjectConfigurationPlatforms) = postSolution
		{0FCFDDD2-914B-49BC-BA6B-83CE0C2319FF}.Debug|Any CPU.ActiveCfg = Debug|Any CPU
		{0FCFDDD2-914B-49BC-BA6B-83CE0C2319FF}.Debug|Any CPU.Build.0 = Debug|Any CPU
		{0FCFDDD2-914B-49BC-BA6B-83CE0C2319FF}.Release|Any CPU.ActiveCfg = Release|Any CPU
		{0FCFDDD2-914B-49BC-BA6B-83CE0C2319FF}.Release|Any CPU.Build.0 = Release|Any CPU
		{33D15913-D25E-46F5-A1FF-9FF90C2D5333}.Debug|Any CPU.ActiveCfg = Debug|Any CPU
		{33D15913-D25E-46F5-A1FF-9FF90C2D5333}.Debug|Any CPU.Build.0 = Debug|Any CPU
		{33D15913-D25E-46F5-A1FF-9FF90C2D5333}.Release|Any CPU.ActiveCfg = Release|Any CPU
		{33D15913-D25E-46F5-A1FF-9FF90C2D5333}.Release|Any CPU.Build.0 = Release|Any CPU
	EndGlobalSection
	GlobalSection(SolutionProperties) = preSolution
		HideSolutionNode = FALSE
	EndGlobalSection
	GlobalSection(ExtensibilityGlobals) = postSolution
		SolutionGuid = {5FC7D70D-6933-4A28-8BC9-D6ED9376F499}
	EndGlobalSection
EndGlobal
